
Microsoft Visual Studio Solution File, Format Version 12.00
# Visual Studio Version 18
VisualStudioVersion = 18.3.11415.281
MinimumVisualStudioVersion = 10.0.40219.1
Project("{9A19103F-16F7-4668-BE54-9A1E7A4F7556}") = "AvRichTextBox", "AvRichTextBox\AvRichTextBox.csproj", "{13845574-3E03-4CFC-8F3E-A076EBC750DE}"
EndProject
Project("{FAE04EC0-301F-11D3-BF4B-00C04F79EFBC}") = "AvRTB_NugetTesting", "AvRTB_NugetTesting\AvRTB_NugetTesting.csproj", "{C1F95367-C38D-4048-A390-A2E0E02B3030}"
EndProject
Project("{2150E333-8FDC-42A3-9474-1A3956D46DE8}") = "Solution Items", "Solution Items", "{33B80D73-F48F-4CA1-8077-D1AFFBEC773B}"
	ProjectSection(SolutionItems) = preProject
		.editorconfig = .editorconfig
		README.md = README.md
	EndProjectSection
EndProject
Project("{FAE04EC0-301F-11D3-BF4B-00C04F79EFBC}") = "DemoApp_AvRichTextBox", "DemoApp_AvRichtextBox\DemoApp_AvRichTextBox.csproj", "{ACDA0832-4647-4EB4-BA3A-C3EC71C56900}"
EndProject
Global
	GlobalSection(SolutionConfigurationPlatforms) = preSolution
		Debug|Any CPU = Debug|Any CPU
		Release|Any CPU = Release|Any CPU
	EndGlobalSection
	GlobalSection(ProjectConfigurationPlatforms) = postSolution
		{13845574-3E03-4CFC-8F3E-A076EBC750DE}.Debug|Any CPU.ActiveCfg = Debug|Any CPU
		{13845574-3E03-4CFC-8F3E-A076EBC750DE}.Debug|Any CPU.Build.0 = Debug|Any CPU
		{13845574-3E03-4CFC-8F3E-A076EBC750DE}.Release|Any CPU.ActiveCfg = Release|Any CPU
		{13845574-3E03-4CFC-8F3E-A076EBC750DE}.Release|Any CPU.Build.0 = Release|Any CPU
		{C1F95367-C38D-4048-A390-A2E0E02B3030}.Debug|Any CPU.ActiveCfg = Debug|Any CPU
		{C1F95367-C38D-4048-A390-A2E0E02B3030}.Debug|Any CPU.Build.0 = Debug|Any CPU
		{C1F95367-C38D-4048-A390-A2E0E02B3030}.Release|Any CPU.ActiveCfg = Release|Any CPU
		{C1F95367-C38D-4048-A390-A2E0E02B3030}.Release|Any CPU.Build.0 = Release|Any CPU
		{ACDA0832-4647-4EB4-BA3A-C3EC71C56900}.Debug|Any CPU.ActiveCfg = Debug|Any CPU
		{ACDA0832-4647-4EB4-BA3A-C3EC71C56900}.Debug|Any CPU.Build.0 = Debug|Any CPU
		{ACDA0832-4647-4EB4-BA3A-C3EC71C56900}.Release|Any CPU.ActiveCfg = Release|Any CPU
		{ACDA0832-4647-4EB4-BA3A-C3EC71C56900}.Release|Any CPU.Build.0 = Release|Any CPU
	EndGlobalSection
	GlobalSection(SolutionProperties) = preSolution
		HideSolutionNode = FALSE
	EndGlobalSection
	GlobalSection(ExtensibilityGlobals) = postSolution
		SolutionGuid = {D289C971-2F8E-40AE-A616-CCB56DC9D517}
	EndGlobalSection
EndGlobal
